{
  "name": "email-verifier",
  "lockfileVersion": 3,
  "requires": true,
  "packages": {
    "": {
      "dependencies": {
        "lib-email-validator": "^1.0.3"
      }
    },
    "node_modules/@types/disposable-email-domains": {
      "version": "1.0.6",
      "resolved": "https://registry.npmjs.org/@types/disposable-email-domains/-/disposable-email-domains-1.0.6.tgz",
      "integrity": "sha512-+jHw0Q4ERuVYIChlUaoSm/VEuuNFeW7JgUU8Rwa9V1ym6q+gkGmBK5sGTDKqlfmsSdI5bFMHKlEatirPFvd8Xw=="
    },
    "node_modules/disposable-email-domains": {
      "version": "1.0.62",
      "resolved": "https://registry.npmjs.org/disposable-email-domains/-/disposable-email-domains-1.0.62.tgz",
      "integrity": "sha512-LBQvhRw7mznQTPoyZbsmYeNOZt1pN5aCsx4BAU/3siVFuiM9f2oyKzUaB8v1jbxFjE3aYqYiMo63kAL4pHgfWQ=="
    },
    "node_modules/lib-email-validator": {
      "version": "1.0.3",
      "resolved": "https://registry.npmjs.org/lib-email-validator/-/lib-email-validator-1.0.3.tgz",
      "integrity": "sha512-Uu7HMKSMo6qH2WDy5uhgztlYH3wy6RNL6UeBQ2i8SCfOXbiZFuRADrtVLTUIk3ncRuNLiTaMGj9L6101u7tOHg==",
      "dependencies": {
        "@types/disposable-email-domains": "^1.0.1",
        "disposable-email-domains": "^1.0.59",
        "mailcheck": "^1.1.1"
      }
    },
    "node_modules/mailcheck": {
      "version": "1.1.1",
      "resolved": "https://registry.npmjs.org/mailcheck/-/mailcheck-1.1.1.tgz",
      "integrity": "sha512-3WjL8+ZDouZwKlyJBMp/4LeziLFXgleOdsYu87piGcMLqhBzCsy2QFdbtAwv757TFC/rtqd738fgJw1tFQCSgA=="
    }
  }
}
